// !$*UTF8*$!
{
	archiveVersion = 1;
	classes = {
	};
	objectVersion = 50;
	objects = {

/* Begin PBXBuildFile section */
		04A9953322313FA300FA76A2 /* Extensions.swift in Sources */ = {isa = PBXBuildFile; fileRef = 04A9953222313FA300FA76A2 /* Extensions.swift */; };
		04A995352231483900FA76A2 /* RecipePizzaTableViewCell.swift in Sources */ = {isa = PBXBuildFile; fileRef = 04A995342231483900FA76A2 /* RecipePizzaTableViewCell.swift */; };
		04AD0AD922342B0200544C7B /* RecipeDetailViewController.swift in Sources */ = {isa = PBXBuildFile; fileRef = 04AD0AD822342B0200544C7B /* RecipeDetailViewController.swift */; };
		04CCAEA322304D2300733647 /* AppDelegate.swift in Sources */ = {isa = PBXBuildFile; fileRef = 04CCAEA222304D2300733647 /* AppDelegate.swift */; };
		04CCAEA522304D2300733647 /* ViewController.swift in Sources */ = {isa = PBXBuildFile; fileRef = 04CCAEA422304D2300733647 /* ViewController.swift */; };
		04CCAEA822304D2300733647 /* Main.storyboard in Resources */ = {isa = PBXBuildFile; fileRef = 04CCAEA622304D2300733647 /* Main.storyboard */; };
		04CCAEAA22304D2500733647 /* Assets.xcassets in Resources */ = {isa = PBXBuildFile; fileRef = 04CCAEA922304D2500733647 /* Assets.xcassets */; };
		04CCAEAD22304D2500733647 /* LaunchScreen.storyboard in Resources */ = {isa = PBXBuildFile; fileRef = 04CCAEAB22304D2500733647 /* LaunchScreen.storyboard */; };
		04E26EE122328F2D00ADFC46 /* PopularRecipePizza.swift in Sources */ = {isa = PBXBuildFile; fileRef = 04E26EE022328F2D00ADFC46 /* PopularRecipePizza.swift */; };
/* End PBXBuildFile section */

/* Begin PBXFileReference section */
		04A9953222313FA300FA76A2 /* Extensions.swift */ = {isa = PBXFileReference; lastKnownFileType = sourcecode.swift; path = Extensions.swift; sourceTree = "<group>"; };
		04A995342231483900FA76A2 /* RecipePizzaTableViewCell.swift */ = {isa = PBXFileReference; lastKnownFileType = sourcecode.swift; path = RecipePizzaTableViewCell.swift; sourceTree = "<group>"; };
		04AD0AD822342B0200544C7B /* RecipeDetailViewController.swift */ = {isa = PBXFileReference; lastKnownFileType = sourcecode.swift; path = RecipeDetailViewController.swift; sourceTree = "<group>"; };
		04CCAE9F22304D2300733647 /* RecipePizza.app */ = {isa = PBXFileReference; explicitFileType = wrapper.application; includeInIndex = 0; path = RecipePizza.app; sourceTree = BUILT_PRODUCTS_DIR; };
		04CCAEA222304D2300733647 /* AppDelegate.swift */ = {isa = PBXFileReference; lastKnownFileType = sourcecode.swift; path = AppDelegate.swift; sourceTree = "<group>"; };
		04CCAEA422304D2300733647 /* ViewController.swift */ = {isa = PBXFileReference; lastKnownFileType = sourcecode.swift; path = ViewController.swift; sourceTree = "<group>"; };
		04CCAEA722304D2300733647 /* Base */ = {isa = PBXFileReference; lastKnownFileType = file.storyboard; name = Base; path = Base.lproj/Main.storyboard; sourceTree = "<group>"; };
		04CCAEA922304D2500733647 /* Assets.xcassets */ = {isa = PBXFileReference; lastKnownFileType = folder.assetcatalog; path = Assets.xcassets; sourceTree = "<group>"; };
		04CCAEAC22304D2500733647 /* Base */ = {isa = PBXFileReference; lastKnownFileType = file.storyboard; name = Base; path = Base.lproj/LaunchScreen.storyboard; sourceTree = "<group>"; };
		04CCAEAE22304D2500733647 /* Info.plist */ = {isa = PBXFileReference; lastKnownFileType = text.plist.xml; path = Info.plist; sourceTree = "<group>"; };
		04E26EE022328F2D00ADFC46 /* PopularRecipePizza.swift */ = {isa = PBXFileReference; lastKnownFileType = sourcecode.swift; path = PopularRecipePizza.swift; sourceTree = "<group>"; };
/* End PBXFileReference section */

/* Begin PBXFrameworksBuildPhase section */
		04CCAE9C22304D2300733647 /* Frameworks */ = {
			isa = PBXFrameworksBuildPhase;
			buildActionMask = 2147483647;
			files = (
			);
			runOnlyForDeploymentPostprocessing = 0;
		};
/* End PBXFrameworksBuildPhase section */

/* Begin PBXGroup section */
		04AD0AD52232F5D000544C7B /* View */ = {
			isa = PBXGroup;
			children = (
				04A995342231483900FA76A2 /* RecipePizzaTableViewCell.swift */,
				04CCAEA622304D2300733647 /* Main.storyboard */,
			);
			path = View;
			sourceTree = "<group>";
		};
		04AD0AD62232F5E500544C7B /* Controller */ = {
			isa = PBXGroup;
			children = (
				04CCAEA422304D2300733647 /* ViewController.swift */,
				04AD0AD822342B0200544C7B /* RecipeDetailViewController.swift */,
			);
			path = Controller;
			sourceTree = "<group>";
		};
		04AD0AD72232F5FD00544C7B /* Model */ = {
			isa = PBXGroup;
			children = (
				04E26EE022328F2D00ADFC46 /* PopularRecipePizza.swift */,
			);
			path = Model;
			sourceTree = "<group>";
		};
		04CCAE9622304D2300733647 = {
			isa = PBXGroup;
			children = (
				04CCAEA122304D2300733647 /* RecipePizza */,
				04CCAEA022304D2300733647 /* Products */,
			);
			sourceTree = "<group>";
		};
		04CCAEA022304D2300733647 /* Products */ = {
			isa = PBXGroup;
			children = (
				04CCAE9F22304D2300733647 /* RecipePizza.app */,
			);
			name = Products;
			sourceTree = "<group>";
		};
		04CCAEA122304D2300733647 /* RecipePizza */ = {
			isa = PBXGroup;
			children = (
				04CCAEA222304D2300733647 /* AppDelegate.swift */,
				04AD0AD62232F5E500544C7B /* Controller */,
				04AD0AD52232F5D000544C7B /* View */,
				04AD0AD72232F5FD00544C7B /* Model */,
				04A9953222313FA300FA76A2 /* Extensions.swift */,
				04CCAEA922304D2500733647 /* Assets.xcassets */,
				04CCAEAB22304D2500733647 /* LaunchScreen.storyboard */,
				04CCAEAE22304D2500733647 /* Info.plist */,
			);
			path = RecipePizza;
			sourceTree = "<group>";
		};
/* End PBXGroup section */

/* Begin PBXNativeTarget section */
		04CCAE9E22304D2300733647 /* RecipePizza */ = {
			isa = PBXNativeTarget;
			buildConfigurationList = 04CCAEB122304D2500733647 /* Build configuration list for PBXNativeTarget "RecipePizza" */;
			buildPhases = (
				04CCAE9B22304D2300733647 /* Sources */,
				04CCAE9C22304D2300733647 /* Frameworks */,
				04CCAE9D22304D2300733647 /* Resources */,
			);
			buildRules = (
			);
			dependencies = (
			);
			name = RecipePizza;
			productName = RecipePizza;
			productReference = 04CCAE9F22304D2300733647 /* RecipePizza.app */;
			productType = "com.apple.product-type.application";
		};
/* End PBXNativeTarget section */

/* Begin PBXProject section */
		04CCAE9722304D2300733647 /* Project object */ = {
			isa = PBXProject;
			attributes = {
				LastSwiftUpdateCheck = 1010;
				LastUpgradeCheck = 1010;
				ORGANIZATIONNAME = mac;
				TargetAttributes = {
					04CCAE9E22304D2300733647 = {
						CreatedOnToolsVersion = 10.1;
					};
				};
			};
			buildConfigurationList = 04CCAE9A22304D2300733647 /* Build configuration list for PBXProject "RecipePizza" */;
			compatibilityVersion = "Xcode 9.3";
			developmentRegion = en;
			hasScannedForEncodings = 0;
			knownRegions = (
				en,
				Base,
			);
			mainGroup = 04CCAE9622304D2300733647;
			productRefGroup = 04CCAEA022304D2300733647 /* Products */;
			projectDirPath = "";
			projectRoot = "";
			targets = (
				04CCAE9E22304D2300733647 /* RecipePizza */,
			);
		};
/* End PBXProject section */

/* Begin PBXResourcesBuildPhase section */
		04CCAE9D22304D2300733647 /* Resources */ = {
			isa = PBXResourcesBuildPhase;
			buildActionMask = 2147483647;
			files = (
				04CCAEAD22304D2500733647 /* LaunchScreen.storyboard in Resources */,
				04CCAEAA22304D2500733647 /* Assets.xcassets in Resources */,
				04CCAEA822304D2300733647 /* Main.storyboard in Resources */,
			);
			runOnlyForDeploymentPostprocessing = 0;
		};
/* End PBXResourcesBuildPhase section */

/* Begin PBXSourcesBuildPhase section */
		04CCAE9B22304D2300733647 /* Sources */ = {
			isa = PBXSourcesBuildPhase;
			buildActionMask = 2147483647;
			files = (
				04E26EE122328F2D00ADFC46 /* PopularRecipePizza.swift in Sources */,
				04CCAEA522304D2300733647 /* ViewController.swift in Sources */,
				04A9953322313FA300FA76A2 /* Extensions.swift in Sources */,
				04A995352231483900FA76A2 /* RecipePizzaTableViewCell.swift in Sources */,
				04AD0AD922342B0200544C7B /* RecipeDetailViewController.swift in Sources */,
				04CCAEA322304D2300733647 /* AppDelegate.swift in Sources */,
			);
			runOnlyForDeploymentPostprocessing = 0;
		};
/* End PBXSourcesBuildPhase section */

/* Begin PBXVariantGroup section */
		04CCAEA622304D2300733647 /* Main.storyboard */ = {
			isa = PBXVariantGroup;
			children = (
				04CCAEA722304D2300733647 /* Base */,
			);
			name = Main.storyboard;
			sourceTree = "<group>";
		};
		04CCAEAB22304D2500733647 /* LaunchScreen.storyboard */ = {
			isa = PBXVariantGroup;
			children = (
				04CCAEAC22304D2500733647 /* Base */,
			);
			name = LaunchScreen.storyboard;
			sourceTree = "<group>";
		};
/* End PBXVariantGroup section */

/* Begin XCBuildConfiguration section */
		04CCAEAF22304D2500733647 /* Debug */ = {
			isa = XCBuildConfiguration;
			buildSettings = {
				ALWAYS_SEARCH_USER_PATHS = NO;
				CLANG_ANALYZER_NONNULL = YES;
				CLANG_ANALYZER_NUMBER_OBJECT_CONVERSION = YES_AGGRESSIVE;
				CLANG_CXX_LANGUAGE_STANDARD = "gnu++14";
				CLANG_CXX_LIBRARY = "libc++";
				CLANG_ENABLE_MODULES = YES;
				CLANG_ENABLE_OBJC_ARC = YES;
				CLANG_ENABLE_OBJC_WEAK = YES;
				CLANG_WARN_BLOCK_CAPTURE_AUTORELEASING = YES;
				CLANG_WARN_BOOL_CONVERSION = YES;
				CLANG_WARN_COMMA = YES;
				CLANG_WARN_CONSTANT_CONVERSION = YES;
				CLANG_WARN_DEPRECATED_OBJC_IMPLEMENTATIONS = YES;
				CLANG_WARN_DIRECT_OBJC_ISA_USAGE = YES_ERROR;
				CLANG_WARN_DOCUMENTATION_COMMENTS = YES;
				CLANG_WARN_EMPTY_BODY = YES;
				CLANG_WARN_ENUM_CONVERSION = YES;
				CLANG_WARN_INFINITE_RECURSION = YES;
				CLANG_WARN_INT_CONVERSION = YES;
				CLANG_WARN_NON_LITERAL_NULL_CONVERSION = YES;
				CLANG_WARN_OBJC_IMPLICIT_RETAIN_SELF = YES;
				CLANG_WARN_OBJC_LITERAL_CONVERSION = YES;
				CLANG_WARN_OBJC_ROOT_CLASS = YES_ERROR;
				CLANG_WARN_RANGE_LOOP_ANALYSIS = YES;
				CLANG_WARN_STRICT_PROTOTYPES = YES;
				CLANG_WARN_SUSPICIOUS_MOVE = YES;
				CLANG_WARN_UNGUARDED_AVAILABILITY = YES_AGGRESSIVE;
				CLANG_WARN_UNREACHABLE_CODE = YES;
				CLANG_WARN__DUPLICATE_METHOD_MATCH = YES;
				CODE_SIGN_IDENTITY = "iPhone Developer";
				COPY_PHASE_STRIP = NO;
				DEBUG_INFORMATION_FORMAT = dwarf;
				ENABLE_STRICT_OBJC_MSGSEND = YES;
				ENABLE_TESTABILITY = YES;
				GCC_C_LANGUAGE_STANDARD = gnu11;
				GCC_DYNAMIC_NO_PIC = NO;
				GCC_NO_COMMON_BLOCKS = YES;
				GCC_OPTIMIZATION_LEVEL = 0;
				GCC_PREPROCESSOR_DEFINITIONS = (
					"DEBUG=1",
					"$(inherited)",
				);
				GCC_WARN_64_TO_32_BIT_CONVERSION = YES;
				GCC_WARN_ABOUT_RETURN_TYPE = YES_ERROR;
				GCC_WARN_UNDECLARED_SELECTOR = YES;
				GCC_WARN_UNINITIALIZED_AUTOS = YES_AGGRESSIVE;
				GCC_WARN_UNUSED_FUNCTION = YES;
				GCC_WARN_UNUSED_VARIABLE = YES;
				IPHONEOS_DEPLOYMENT_TARGET = 12.1;
				MTL_ENABLE_DEBUG_INFO = INCLUDE_SOURCE;
				MTL_FAST_MATH = YES;
				ONLY_ACTIVE_ARCH = YES;
				SDKROOT = iphoneos;
				SWIFT_ACTIVE_COMPILATION_CONDITIONS = DEBUG;
				SWIFT_OPTIMIZATION_LEVEL = "-Onone";
			};
			name = Debug;
		};
		04CCAEB022304D2500733647 /* Release */ = {
			isa = XCBuildConfiguration;
			buildSettings = {
				ALWAYS_SEARCH_USER_PATHS = NO;
				CLANG_ANALYZER_NONNULL = YES;
				CLANG_ANALYZER_NUMBER_OBJECT_CONVERSION = YES_AGGRESSIVE;
				CLANG_CXX_LANGUAGE_STANDARD = "gnu++14";
				CLANG_CXX_LIBRARY = "libc++";
				CLANG_ENABLE_MODULES = YES;
				CLANG_ENABLE_OBJC_ARC = YES;
				CLANG_ENABLE_OBJC_WEAK = YES;
				CLANG_WARN_BLOCK_CAPTURE_AUTORELEASING = YES;
				CLANG_WARN_BOOL_CONVERSION = YES;
				CLANG_WARN_COMMA = YES;
				CLANG_WARN_CONSTANT_CONVERSION = YES;
				CLANG_WARN_DEPRECATED_OBJC_IMPLEMENTATIONS = YES;
				CLANG_WARN_DIRECT_OBJC_ISA_USAGE = YES_ERROR;
				CLANG_WARN_DOCUMENTATION_COMMENTS = YES;
				CLANG_WARN_EMPTY_BODY = YES;
				CLANG_WARN_ENUM_CONVERSION = YES;
				CLANG_WARN_INFINITE_RECURSION = YES;
				CLANG_WARN_INT_CONVERSION = YES;
				CLANG_WARN_NON_LITERAL_NULL_CONVERSION = YES;
				CLANG_WARN_OBJC_IMPLICIT_RETAIN_SELF = YES;
				CLANG_WARN_OBJC_LITERAL_CONVERSION = YES;
				CLANG_WARN_OBJC_ROOT_CLASS = YES_ERROR;
				CLANG_WARN_RANGE_LOOP_ANALYSIS = YES;
				CLANG_WARN_STRICT_PROTOTYPES = YES;
				CLANG_WARN_SUSPICIOUS_MOVE = YES;
				CLANG_WARN_UNGUARDED_AVAILABILITY = YES_AGGRESSIVE;
				CLANG_WARN_UNREACHABLE_CODE = YES;
				CLANG_WARN__DUPLICATE_METHOD_MATCH = YES;
				CODE_SIGN_IDENTITY = "iPhone Developer";
				COPY_PHASE_STRIP = NO;
				DEBUG_INFORMATION_FORMAT = "dwarf-with-dsym";
				ENABLE_NS_ASSERTIONS = NO;
				ENABLE_STRICT_OBJC_MSGSEND = YES;
				GCC_C_LANGUAGE_STANDARD = gnu11;
				GCC_NO_COMMON_BLOCKS = YES;
				GCC_WARN_64_TO_32_BIT_CONVERSION = YES;
				GCC_WARN_ABOUT_RETURN_TYPE = YES_ERROR;
				GCC_WARN_UNDECLARED_SELECTOR = YES;
				GCC_WARN_UNINITIALIZED_AUTOS = YES_AGGRESSIVE;
				GCC_WARN_UNUSED_FUNCTION = YES;
				GCC_WARN_UNUSED_VARIABLE = YES;
				IPHONEOS_DEPLOYMENT_TARGET = 12.1;
				MTL_ENABLE_DEBUG_INFO = NO;
				MTL_FAST_MATH = YES;
				SDKROOT = iphoneos;
				SWIFT_COMPILATION_MODE = wholemodule;
				SWIFT_OPTIMIZATION_LEVEL = "-O";
				VALIDATE_PRODUCT = YES;
			};
			name = Release;
		};
		04CCAEB222304D2500733647 /* Debug */ = {
			isa = XCBuildConfiguration;
			buildSettings = {
				ASSETCATALOG_COMPILER_APPICON_NAME = AppIcon;
				CODE_SIGN_STYLE = Automatic;
				DEVELOPMENT_TEAM = 3QA4U3887B;
				INFOPLIST_FILE = RecipePizza/Info.plist;
				LD_RUNPATH_SEARCH_PATHS = (
					"$(inherited)",
					"@executable_path/Frameworks",
				);
				PRODUCT_BUNDLE_IDENTIFIER = lordkosstestios.lordkoss.RecipePizza;
				PRODUCT_NAME = "$(TARGET_NAME)";
				SWIFT_VERSION = 4.2;
				TARGETED_DEVICE_FAMILY = "1,2";
			};
			name = Debug;
		};
		04CCAEB322304D2500733647 /* Release */ = {
			isa = XCBuildConfiguration;
			buildSettings = {
				ASSETCATALOG_COMPILER_APPICON_NAME = AppIcon;
				CODE_SIGN_STYLE = Automatic;
				DEVELOPMENT_TEAM = 3QA4U3887B;
				INFOPLIST_FILE = RecipePizza/Info.plist;
				LD_RUNPATH_SEARCH_PATHS = (
					"$(inherited)",
					"@executable_path/Frameworks",
				);
				PRODUCT_BUNDLE_IDENTIFIER = lordkosstestios.lordkoss.RecipePizza;
				PRODUCT_NAME = "$(TARGET_NAME)";
				SWIFT_VERSION = 4.2;
				TARGETED_DEVICE_FAMILY = "1,2";
			};
			name = Release;
		};
/* End XCBuildConfiguration section */

/* Begin XCConfigurationList section */
		04CCAE9A22304D2300733647 /* Build configuration list for PBXProject "RecipePizza" */ = {
			isa = XCConfigurationList;
			buildConfigurations = (
				04CCAEAF22304D2500733647 /* Debug */,
				04CCAEB022304D2500733647 /* Release */,
			);
			defaultConfigurationIsVisible = 0;
			defaultConfigurationName = Release;
		};
		04CCAEB122304D2500733647 /* Build configuration list for PBXNativeTarget "RecipePizza" */ = {
			isa = XCConfigurationList;
			buildConfigurations = (
				04CCAEB222304D2500733647 /* Debug */,
				04CCAEB322304D2500733647 /* Release */,
			);
			defaultConfigurationIsVisible = 0;
			defaultConfigurationName = Release;
		};
/* End XCConfigurationList section */
	};
	rootObject = 04CCAE9722304D2300733647 /* Project object */;
}
